
Microsoft Visual Studio Solution File, Format Version 12.00
# Visual Studio Version 17
VisualStudioVersion = 17.9.34728.123
MinimumVisualStudioVersion = 10.0.40219.1
Project("{9A19103F-16F7-4668-BE54-9A1E7A4F7556}") = "Horizon", "Horizon\Horizon.csproj", "{0B744155-A059-4EDD-8201-4374B8BA3846}"
EndProject
Project("{2150E333-8FDC-42A3-9474-1A3956D46DE8}") = "Solution Items", "Solution Items", "{1E48CCC7-79D4-4074-A227-4019AFAE2769}"
	ProjectSection(SolutionItems) = preProject
		..\config\azurekeyvaultsubscription_example.yaml = ..\config\azurekeyvaultsubscription_example.yaml
		..\config\crd.yaml = ..\config\crd.yaml
		..\README.md = ..\README.md
	EndProjectSection
EndProject
Project("{FAE04EC0-301F-11D3-BF4B-00C04F79EFBC}") = "Horizon.Application", "Horizon.Application\Horizon.Application.csproj", "{8CDF4549-42FD-4C1B-AB97-B615D1B9633B}"
EndProject
Project("{FAE04EC0-301F-11D3-BF4B-00C04F79EFBC}") = "Horizon.Infrastructure", "Horizon.Infrastructure\Horizon.Infrastructure.csproj", "{47EF3203-1FAD-4484-A66A-E5F600ED75A3}"
EndProject
Project("{2150E333-8FDC-42A3-9474-1A3956D46DE8}") = "config", "config", "{FE0E4BDE-B6CB-428F-8F01-472DC83716AA}"
	ProjectSection(SolutionItems) = preProject
		..\config\azurekeyvaultsubscription_example.yaml = ..\config\azurekeyvaultsubscription_example.yaml
		..\config\crd.yaml = ..\config\crd.yaml
	EndProjectSection
EndProject
Global
	GlobalSection(SolutionConfigurationPlatforms) = preSolution
		Debug|Any CPU = Debug|Any CPU
		Release|Any CPU = Release|Any CPU
	EndGlobalSection
	GlobalSection(ProjectConfigurationPlatforms) = postSolution
		{0B744155-A059-4EDD-8201-4374B8BA3846}.Debug|Any CPU.ActiveCfg = Debug|Any CPU
		{0B744155-A059-4EDD-8201-4374B8BA3846}.Debug|Any CPU.Build.0 = Debug|Any CPU
		{0B744155-A059-4EDD-8201-4374B8BA3846}.Release|Any CPU.ActiveCfg = Release|Any CPU
		{0B744155-A059-4EDD-8201-4374B8BA3846}.Release|Any CPU.Build.0 = Release|Any CPU
		{8CDF4549-42FD-4C1B-AB97-B615D1B9633B}.Debug|Any CPU.ActiveCfg = Debug|Any CPU
		{8CDF4549-42FD-4C1B-AB97-B615D1B9633B}.Debug|Any CPU.Build.0 = Debug|Any CPU
		{8CDF4549-42FD-4C1B-AB97-B615D1B9633B}.Release|Any CPU.ActiveCfg = Release|Any CPU
		{8CDF4549-42FD-4C1B-AB97-B615D1B9633B}.Release|Any CPU.Build.0 = Release|Any CPU
		{47EF3203-1FAD-4484-A66A-E5F600ED75A3}.Debug|Any CPU.ActiveCfg = Debug|Any CPU
		{47EF3203-1FAD-4484-A66A-E5F600ED75A3}.Debug|Any CPU.Build.0 = Debug|Any CPU
		{47EF3203-1FAD-4484-A66A-E5F600ED75A3}.Release|Any CPU.ActiveCfg = Release|Any CPU
		{47EF3203-1FAD-4484-A66A-E5F600ED75A3}.Release|Any CPU.Build.0 = Release|Any CPU
	EndGlobalSection
	GlobalSection(SolutionProperties) = preSolution
		HideSolutionNode = FALSE
	EndGlobalSection
	GlobalSection(NestedProjects) = preSolution
		{FE0E4BDE-B6CB-428F-8F01-472DC83716AA} = {1E48CCC7-79D4-4074-A227-4019AFAE2769}
	EndGlobalSection
	GlobalSection(ExtensibilityGlobals) = postSolution
		SolutionGuid = {87B1407A-3CA9-496E-859A-5D5EC007D2AD}
	EndGlobalSection
EndGlobal
